// !$*UTF8*$!
{
	archiveVersion = 1;
	classes = {
	};
	objectVersion = 56;
	objects = {

/* Begin PBXBuildFile section */
		00000000000000000000000A /* FocusDayApp.swift in Sources */ = {isa = PBXBuildFile; fileRef = 00000000000000000000000B /* FocusDayApp.swift */; };
		00000000000000000000000C /* ContentView.swift in Sources */ = {isa = PBXBuildFile; fileRef = 00000000000000000000000D /* ContentView.swift */; };
		00000000000000000000000E /* MainTabView.swift in Sources */ = {isa = PBXBuildFile; fileRef = 00000000000000000000000F /* MainTabView.swift */; };
		000000000000000000000010 /* ModelEnums.swift in Sources */ = {isa = PBXBuildFile; fileRef = 000000000000000000000011 /* ModelEnums.swift */; };
		000000000000000000000012 /* TaskItem.swift in Sources */ = {isa = PBXBuildFile; fileRef = 000000000000000000000013 /* TaskItem.swift */; };
		000000000000000000000014 /* DailyState.swift in Sources */ = {isa = PBXBuildFile; fileRef = 000000000000000000000015 /* DailyState.swift */; };
		000000000000000000000016 /* DailySummary.swift in Sources */ = {isa = PBXBuildFile; fileRef = 000000000000000000000017 /* DailySummary.swift */; };
		000000000000000000000018 /* TodayViewModel.swift in Sources */ = {isa = PBXBuildFile; fileRef = 000000000000000000000019 /* TodayViewModel.swift */; };
		00000000000000000000001A /* CreateTaskViewModel.swift in Sources */ = {isa = PBXBuildFile; fileRef = 00000000000000000000001B /* CreateTaskViewModel.swift */; };
		00000000000000000000001C /* ProgressViewModel.swift in Sources */ = {isa = PBXBuildFile; fileRef = 00000000000000000000001D /* ProgressViewModel.swift */; };
		00000000000000000000001E /* OnboardingViewModel.swift in Sources */ = {isa = PBXBuildFile; fileRef = 00000000000000000000001F /* OnboardingViewModel.swift */; };
		000000000000000000000020 /* SettingsViewModel.swift in Sources */ = {isa = PBXBuildFile; fileRef = 000000000000000000000021 /* SettingsViewModel.swift */; };
		000000000000000000000022 /* AIPlanningServiceProtocol.swift in Sources */ = {isa = PBXBuildFile; fileRef = 000000000000000000000023 /* AIPlanningServiceProtocol.swift */; };
		000000000000000000000024 /* LocalizedStrings.swift in Sources */ = {isa = PBXBuildFile; fileRef = 000000000000000000000025 /* LocalizedStrings.swift */; };
		000000000000000000000026 /* NotificationService.swift in Sources */ = {isa = PBXBuildFile; fileRef = 000000000000000000000027 /* NotificationService.swift */; };
		000000000000000000000028 /* AppTheme.swift in Sources */ = {isa = PBXBuildFile; fileRef = 000000000000000000000029 /* AppTheme.swift */; };
		00000000000000000000002A /* FocusDayWidgetStore.swift in Sources */ = {isa = PBXBuildFile; fileRef = 00000000000000000000002B /* FocusDayWidgetStore.swift */; };
		00000000000000000000002C /* PreviewData.swift in Sources */ = {isa = PBXBuildFile; fileRef = 00000000000000000000002D /* PreviewData.swift */; };
		00000000000000000000002E /* FocusDayCard.swift in Sources */ = {isa = PBXBuildFile; fileRef = 00000000000000000000002F /* FocusDayCard.swift */; };
		000000000000000000000030 /* PrimaryButton.swift in Sources */ = {isa = PBXBuildFile; fileRef = 000000000000000000000031 /* PrimaryButton.swift */; };
		000000000000000000000032 /* ChoiceChip.swift in Sources */ = {isa = PBXBuildFile; fileRef = 000000000000000000000033 /* ChoiceChip.swift */; };
		000000000000000000000034 /* SectionHeader.swift in Sources */ = {isa = PBXBuildFile; fileRef = 000000000000000000000035 /* SectionHeader.swift */; };
		000000000000000000000036 /* ProgressLineView.swift in Sources */ = {isa = PBXBuildFile; fileRef = 000000000000000000000037 /* ProgressLineView.swift */; };
		000000000000000000000038 /* MetricCard.swift in Sources */ = {isa = PBXBuildFile; fileRef = 000000000000000000000039 /* MetricCard.swift */; };
		00000000000000000000003A /* MainTaskCard.swift in Sources */ = {isa = PBXBuildFile; fileRef = 00000000000000000000003B /* MainTaskCard.swift */; };
		00000000000000000000003C /* MoodEnergyControls.swift in Sources */ = {isa = PBXBuildFile; fileRef = 00000000000000000000003D /* MoodEnergyControls.swift */; };
		00000000000000000000003E /* TaskRowView.swift in Sources */ = {isa = PBXBuildFile; fileRef = 00000000000000000000003F /* TaskRowView.swift */; };
		000000000000000000000040 /* OnboardingView.swift in Sources */ = {isa = PBXBuildFile; fileRef = 000000000000000000000041 /* OnboardingView.swift */; };
		000000000000000000000042 /* TodayView.swift in Sources */ = {isa = PBXBuildFile; fileRef = 000000000000000000000043 /* TodayView.swift */; };
		000000000000000000000044 /* CreateTaskView.swift in Sources */ = {isa = PBXBuildFile; fileRef = 000000000000000000000045 /* CreateTaskView.swift */; };
		000000000000000000000046 /* ProgressView.swift in Sources */ = {isa = PBXBuildFile; fileRef = 000000000000000000000047 /* ProgressView.swift */; };
		000000000000000000000048 /* EveningSummaryView.swift in Sources */ = {isa = PBXBuildFile; fileRef = 000000000000000000000049 /* EveningSummaryView.swift */; };
		00000000000000000000004A /* SettingsView.swift in Sources */ = {isa = PBXBuildFile; fileRef = 00000000000000000000004B /* SettingsView.swift */; };
		00000000000000000000004C /* FocusDayWidget.swift in Sources */ = {isa = PBXBuildFile; fileRef = 00000000000000000000004D /* FocusDayWidget.swift */; };
		00000000000000000000004E /* AppTheme.swift in Sources */ = {isa = PBXBuildFile; fileRef = 000000000000000000000029 /* AppTheme.swift */; };
		00000000000000000000004F /* FocusDayWidgetStore.swift in Sources */ = {isa = PBXBuildFile; fileRef = 00000000000000000000002B /* FocusDayWidgetStore.swift */; };
		000000000000000000000050 /* LocalizedStrings.swift in Sources */ = {isa = PBXBuildFile; fileRef = 000000000000000000000025 /* LocalizedStrings.swift */; };
		000000000000000000000053 /* FocusDayWidgetExtension.appex in Embed Foundation Extensions */ = {isa = PBXBuildFile; fileRef = 000000000000000000000002 /* FocusDayWidgetExtension.appex */; settings = {ATTRIBUTES = (CodeSignOnCopy, RemoveHeadersOnCopy, ); }; };
		A10000000000000000000001 /* Assets.xcassets in Resources */ = {isa = PBXBuildFile; fileRef = 000000000000000000000052 /* Assets.xcassets */; };
/* End PBXBuildFile section */

/* Begin PBXContainerItemProxy section */
		000000000000000000000054 /* PBXContainerItemProxy */ = {
			isa = PBXContainerItemProxy;
			containerPortal = 000000000000000000000009 /* Project object */;
			proxyType = 1;
			remoteGlobalIDString = 000000000000000000000004;
			remoteInfo = FocusDayWidgetExtension;
		};
/* End PBXContainerItemProxy section */

/* Begin PBXCopyFilesBuildPhase section */
		000000000000000000000055 /* Embed Foundation Extensions */ = {
			isa = PBXCopyFilesBuildPhase;
			buildActionMask = 2147483647;
			dstPath = "";
			dstSubfolderSpec = 13;
			files = (
				000000000000000000000053 /* FocusDayWidgetExtension.appex in Embed Foundation Extensions */,
			);
			name = "Embed Foundation Extensions";
			runOnlyForDeploymentPostprocessing = 0;
		};
/* End PBXCopyFilesBuildPhase section */

/* Begin PBXFileReference section */
		000000000000000000000001 /* FocusDay.app */ = {isa = PBXFileReference; explicitFileType = wrapper.application; includeInIndex = 0; path = FocusDay.app; sourceTree = BUILT_PRODUCTS_DIR; };
		000000000000000000000002 /* FocusDayWidgetExtension.appex */ = {isa = PBXFileReference; explicitFileType = "wrapper.app-extension"; includeInIndex = 0; path = FocusDayWidgetExtension.appex; sourceTree = BUILT_PRODUCTS_DIR; };
		00000000000000000000000B /* FocusDayApp.swift */ = {isa = PBXFileReference; lastKnownFileType = sourcecode.swift; path = FocusDayApp.swift; sourceTree = "<group>"; };
		00000000000000000000000D /* ContentView.swift */ = {isa = PBXFileReference; lastKnownFileType = sourcecode.swift; path = ContentView.swift; sourceTree = "<group>"; };
		00000000000000000000000F /* MainTabView.swift */ = {isa = PBXFileReference; lastKnownFileType = sourcecode.swift; path = MainTabView.swift; sourceTree = "<group>"; };
		000000000000000000000011 /* ModelEnums.swift */ = {isa = PBXFileReference; lastKnownFileType = sourcecode.swift; path = ModelEnums.swift; sourceTree = "<group>"; };
		000000000000000000000013 /* TaskItem.swift */ = {isa = PBXFileReference; lastKnownFileType = sourcecode.swift; path = TaskItem.swift; sourceTree = "<group>"; };
		000000000000000000000015 /* DailyState.swift */ = {isa = PBXFileReference; lastKnownFileType = sourcecode.swift; path = DailyState.swift; sourceTree = "<group>"; };
		000000000000000000000017 /* DailySummary.swift */ = {isa = PBXFileReference; lastKnownFileType = sourcecode.swift; path = DailySummary.swift; sourceTree = "<group>"; };
		000000000000000000000019 /* TodayViewModel.swift */ = {isa = PBXFileReference; lastKnownFileType = sourcecode.swift; path = TodayViewModel.swift; sourceTree = "<group>"; };
		00000000000000000000001B /* CreateTaskViewModel.swift */ = {isa = PBXFileReference; lastKnownFileType = sourcecode.swift; path = CreateTaskViewModel.swift; sourceTree = "<group>"; };
		00000000000000000000001D /* ProgressViewModel.swift */ = {isa = PBXFileReference; lastKnownFileType = sourcecode.swift; path = ProgressViewModel.swift; sourceTree = "<group>"; };
		00000000000000000000001F /* OnboardingViewModel.swift */ = {isa = PBXFileReference; lastKnownFileType = sourcecode.swift; path = OnboardingViewModel.swift; sourceTree = "<group>"; };
		000000000000000000000021 /* SettingsViewModel.swift */ = {isa = PBXFileReference; lastKnownFileType = sourcecode.swift; path = SettingsViewModel.swift; sourceTree = "<group>"; };
		000000000000000000000023 /* AIPlanningServiceProtocol.swift */ = {isa = PBXFileReference; lastKnownFileType = sourcecode.swift; path = AIPlanningServiceProtocol.swift; sourceTree = "<group>"; };
		000000000000000000000025 /* LocalizedStrings.swift */ = {isa = PBXFileReference; lastKnownFileType = sourcecode.swift; path = LocalizedStrings.swift; sourceTree = "<group>"; };
		000000000000000000000027 /* NotificationService.swift */ = {isa = PBXFileReference; lastKnownFileType = sourcecode.swift; path = NotificationService.swift; sourceTree = "<group>"; };
		000000000000000000000029 /* AppTheme.swift */ = {isa = PBXFileReference; lastKnownFileType = sourcecode.swift; path = AppTheme.swift; sourceTree = "<group>"; };
		00000000000000000000002B /* FocusDayWidgetStore.swift */ = {isa = PBXFileReference; lastKnownFileType = sourcecode.swift; path = FocusDayWidgetStore.swift; sourceTree = "<group>"; };
		00000000000000000000002D /* PreviewData.swift */ = {isa = PBXFileReference; lastKnownFileType = sourcecode.swift; path = PreviewData.swift; sourceTree = "<group>"; };
		00000000000000000000002F /* FocusDayCard.swift */ = {isa = PBXFileReference; lastKnownFileType = sourcecode.swift; path = FocusDayCard.swift; sourceTree = "<group>"; };
		000000000000000000000031 /* PrimaryButton.swift */ = {isa = PBXFileReference; lastKnownFileType = sourcecode.swift; path = PrimaryButton.swift; sourceTree = "<group>"; };
		000000000000000000000033 /* ChoiceChip.swift */ = {isa = PBXFileReference; lastKnownFileType = sourcecode.swift; path = ChoiceChip.swift; sourceTree = "<group>"; };
		000000000000000000000035 /* SectionHeader.swift */ = {isa = PBXFileReference; lastKnownFileType = sourcecode.swift; path = SectionHeader.swift; sourceTree = "<group>"; };
		000000000000000000000037 /* ProgressLineView.swift */ = {isa = PBXFileReference; lastKnownFileType = sourcecode.swift; path = ProgressLineView.swift; sourceTree = "<group>"; };
		000000000000000000000039 /* MetricCard.swift */ = {isa = PBXFileReference; lastKnownFileType = sourcecode.swift; path = MetricCard.swift; sourceTree = "<group>"; };
		00000000000000000000003B /* MainTaskCard.swift */ = {isa = PBXFileReference; lastKnownFileType = sourcecode.swift; path = MainTaskCard.swift; sourceTree = "<group>"; };
		00000000000000000000003D /* MoodEnergyControls.swift */ = {isa = PBXFileReference; lastKnownFileType = sourcecode.swift; path = MoodEnergyControls.swift; sourceTree = "<group>"; };
		00000000000000000000003F /* TaskRowView.swift */ = {isa = PBXFileReference; lastKnownFileType = sourcecode.swift; path = TaskRowView.swift; sourceTree = "<group>"; };
		000000000000000000000041 /* OnboardingView.swift */ = {isa = PBXFileReference; lastKnownFileType = sourcecode.swift; path = OnboardingView.swift; sourceTree = "<group>"; };
		000000000000000000000043 /* TodayView.swift */ = {isa = PBXFileReference; lastKnownFileType = sourcecode.swift; path = TodayView.swift; sourceTree = "<group>"; };
		000000000000000000000045 /* CreateTaskView.swift */ = {isa = PBXFileReference; lastKnownFileType = sourcecode.swift; path = CreateTaskView.swift; sourceTree = "<group>"; };
		000000000000000000000047 /* ProgressView.swift */ = {isa = PBXFileReference; lastKnownFileType = sourcecode.swift; path = ProgressView.swift; sourceTree = "<group>"; };
		000000000000000000000049 /* EveningSummaryView.swift */ = {isa = PBXFileReference; lastKnownFileType = sourcecode.swift; path = EveningSummaryView.swift; sourceTree = "<group>"; };
		00000000000000000000004B /* SettingsView.swift */ = {isa = PBXFileReference; lastKnownFileType = sourcecode.swift; path = SettingsView.swift; sourceTree = "<group>"; };
		00000000000000000000004D /* FocusDayWidget.swift */ = {isa = PBXFileReference; lastKnownFileType = sourcecode.swift; path = FocusDayWidget.swift; sourceTree = "<group>"; };
		000000000000000000000052 /* Assets.xcassets */ = {isa = PBXFileReference; lastKnownFileType = folder.assetcatalog; path = Assets.xcassets; sourceTree = "<group>"; };
		000000000000000000000056 /* Info.plist */ = {isa = PBXFileReference; lastKnownFileType = text.plist.xml; path = Info.plist; sourceTree = "<group>"; };
		000000000000000000000057 /* FocusDay.entitlements */ = {isa = PBXFileReference; lastKnownFileType = text.plist.entitlements; path = FocusDay.entitlements; sourceTree = "<group>"; };
		000000000000000000000058 /* Info.plist */ = {isa = PBXFileReference; lastKnownFileType = text.plist.xml; path = Info.plist; sourceTree = "<group>"; };
		000000000000000000000059 /* FocusDayWidgetExtension.entitlements */ = {isa = PBXFileReference; lastKnownFileType = text.plist.entitlements; path = FocusDayWidgetExtension.entitlements; sourceTree = "<group>"; };
/* End PBXFileReference section */

/* Begin PBXFrameworksBuildPhase section */
		00000000000000000000005A /* Frameworks */ = {
			isa = PBXFrameworksBuildPhase;
			buildActionMask = 2147483647;
			files = (
			);
			runOnlyForDeploymentPostprocessing = 0;
		};
		00000000000000000000005B /* Frameworks */ = {
			isa = PBXFrameworksBuildPhase;
			buildActionMask = 2147483647;
			files = (
			);
			runOnlyForDeploymentPostprocessing = 0;
		};
/* End PBXFrameworksBuildPhase section */

/* Begin PBXGroup section */
		000000000000000000000005 = {
			isa = PBXGroup;
			children = (
				000000000000000000000007 /* FocusDay */,
				000000000000000000000008 /* FocusDayWidget */,
				000000000000000000000006 /* Products */,
			);
			sourceTree = "<group>";
		};
		000000000000000000000006 /* Products */ = {
			isa = PBXGroup;
			children = (
				000000000000000000000001 /* FocusDay.app */,
				000000000000000000000002 /* FocusDayWidgetExtension.appex */,
			);
			name = Products;
			sourceTree = "<group>";
		};
		000000000000000000000007 /* FocusDay */ = {
			isa = PBXGroup;
			children = (
				00000000000000000000005C /* App */,
				00000000000000000000005D /* Models */,
				00000000000000000000005E /* ViewModels */,
				00000000000000000000005F /* Views */,
				000000000000000000000060 /* Services */,
				000000000000000000000061 /* Shared */,
				000000000000000000000062 /* PreviewContent */,
				000000000000000000000063 /* Resources */,
				000000000000000000000057 /* FocusDay.entitlements */,
			);
			path = FocusDay;
			sourceTree = "<group>";
		};
		000000000000000000000008 /* FocusDayWidget */ = {
			isa = PBXGroup;
			children = (
				00000000000000000000004D /* FocusDayWidget.swift */,
				000000000000000000000058 /* Info.plist */,
				000000000000000000000059 /* FocusDayWidgetExtension.entitlements */,
			);
			path = FocusDayWidget;
			sourceTree = "<group>";
		};
		00000000000000000000005C /* App */ = {
			isa = PBXGroup;
			children = (
				00000000000000000000000B /* FocusDayApp.swift */,
				00000000000000000000000D /* ContentView.swift */,
				00000000000000000000000F /* MainTabView.swift */,
				000000000000000000000056 /* Info.plist */,
			);
			path = App;
			sourceTree = "<group>";
		};
		00000000000000000000005D /* Models */ = {
			isa = PBXGroup;
			children = (
				000000000000000000000011 /* ModelEnums.swift */,
				000000000000000000000013 /* TaskItem.swift */,
				000000000000000000000015 /* DailyState.swift */,
				000000000000000000000017 /* DailySummary.swift */,
			);
			path = Models;
			sourceTree = "<group>";
		};
		00000000000000000000005E /* ViewModels */ = {
			isa = PBXGroup;
			children = (
				000000000000000000000019 /* TodayViewModel.swift */,
				00000000000000000000001B /* CreateTaskViewModel.swift */,
				00000000000000000000001D /* ProgressViewModel.swift */,
				00000000000000000000001F /* OnboardingViewModel.swift */,
				000000000000000000000021 /* SettingsViewModel.swift */,
			);
			path = ViewModels;
			sourceTree = "<group>";
		};
		00000000000000000000005F /* Views */ = {
			isa = PBXGroup;
			children = (
				000000000000000000000064 /* Onboarding */,
				000000000000000000000065 /* Today */,
				000000000000000000000066 /* CreateTask */,
				000000000000000000000067 /* Progress */,
				000000000000000000000068 /* EveningSummary */,
				000000000000000000000069 /* Settings */,
				00000000000000000000006A /* Components */,
			);
			path = Views;
			sourceTree = "<group>";
		};
		000000000000000000000060 /* Services */ = {
			isa = PBXGroup;
			children = (
				000000000000000000000023 /* AIPlanningServiceProtocol.swift */,
				000000000000000000000025 /* LocalizedStrings.swift */,
				000000000000000000000027 /* NotificationService.swift */,
			);
			path = Services;
			sourceTree = "<group>";
		};
		000000000000000000000061 /* Shared */ = {
			isa = PBXGroup;
			children = (
				000000000000000000000029 /* AppTheme.swift */,
				00000000000000000000002B /* FocusDayWidgetStore.swift */,
			);
			path = Shared;
			sourceTree = "<group>";
		};
		000000000000000000000062 /* PreviewContent */ = {
			isa = PBXGroup;
			children = (
				00000000000000000000002D /* PreviewData.swift */,
			);
			path = PreviewContent;
			sourceTree = "<group>";
		};
		000000000000000000000063 /* Resources */ = {
			isa = PBXGroup;
			children = (
				000000000000000000000052 /* Assets.xcassets */,
			);
			path = Resources;
			sourceTree = "<group>";
		};
		000000000000000000000064 /* Onboarding */ = {
			isa = PBXGroup;
			children = (
				000000000000000000000041 /* OnboardingView.swift */,
			);
			path = Onboarding;
			sourceTree = "<group>";
		};
		000000000000000000000065 /* Today */ = {
			isa = PBXGroup;
			children = (
				000000000000000000000043 /* TodayView.swift */,
			);
			path = Today;
			sourceTree = "<group>";
		};
		000000000000000000000066 /* CreateTask */ = {
			isa = PBXGroup;
			children = (
				000000000000000000000045 /* CreateTaskView.swift */,
			);
			path = CreateTask;
			sourceTree = "<group>";
		};
		000000000000000000000067 /* Progress */ = {
			isa = PBXGroup;
			children = (
				000000000000000000000047 /* ProgressView.swift */,
			);
			path = Progress;
			sourceTree = "<group>";
		};
		000000000000000000000068 /* EveningSummary */ = {
			isa = PBXGroup;
			children = (
				000000000000000000000049 /* EveningSummaryView.swift */,
			);
			path = EveningSummary;
			sourceTree = "<group>";
		};
		000000000000000000000069 /* Settings */ = {
			isa = PBXGroup;
			children = (
				00000000000000000000004B /* SettingsView.swift */,
			);
			path = Settings;
			sourceTree = "<group>";
		};
		00000000000000000000006A /* Components */ = {
			isa = PBXGroup;
			children = (
				00000000000000000000002F /* FocusDayCard.swift */,
				000000000000000000000031 /* PrimaryButton.swift */,
				000000000000000000000033 /* ChoiceChip.swift */,
				000000000000000000000035 /* SectionHeader.swift */,
				000000000000000000000037 /* ProgressLineView.swift */,
				000000000000000000000039 /* MetricCard.swift */,
				00000000000000000000003B /* MainTaskCard.swift */,
				00000000000000000000003D /* MoodEnergyControls.swift */,
				00000000000000000000003F /* TaskRowView.swift */,
			);
			path = Components;
			sourceTree = "<group>";
		};
/* End PBXGroup section */

/* Begin PBXNativeTarget section */
		000000000000000000000003 /* FocusDay */ = {
			isa = PBXNativeTarget;
			buildConfigurationList = 00000000000000000000006B /* Build configuration list for PBXNativeTarget "FocusDay" */;
			buildPhases = (
				00000000000000000000006C /* Sources */,
				00000000000000000000005A /* Frameworks */,
				00000000000000000000006D /* Resources */,
				000000000000000000000055 /* Embed Foundation Extensions */,
			);
			buildRules = (
			);
			dependencies = (
				00000000000000000000006E /* PBXTargetDependency */,
			);
			name = FocusDay;
			productName = FocusDay;
			productReference = 000000000000000000000001 /* FocusDay.app */;
			productType = "com.apple.product-type.application";
		};
		000000000000000000000004 /* FocusDayWidgetExtension */ = {
			isa = PBXNativeTarget;
			buildConfigurationList = 00000000000000000000006F /* Build configuration list for PBXNativeTarget "FocusDayWidgetExtension" */;
			buildPhases = (
				000000000000000000000070 /* Sources */,
				00000000000000000000005B /* Frameworks */,
				000000000000000000000071 /* Resources */,
			);
			buildRules = (
			);
			dependencies = (
			);
			name = FocusDayWidgetExtension;
			productName = FocusDayWidgetExtension;
			productReference = 000000000000000000000002 /* FocusDayWidgetExtension.appex */;
			productType = "com.apple.product-type.app-extension";
		};
/* End PBXNativeTarget section */

/* Begin PBXProject section */
		000000000000000000000009 /* Project object */ = {
			isa = PBXProject;
			attributes = {
				BuildIndependentTargetsInParallel = 1;
				LastSwiftUpdateCheck = 1600;
				LastUpgradeCheck = 1610;
				TargetAttributes = {
					000000000000000000000003 = {
						CreatedOnToolsVersion = 16.0;
						SystemCapabilities = {
							com.apple.ApplicationGroups.iOS = {
								enabled = 1;
							};
						};
					};
					000000000000000000000004 = {
						CreatedOnToolsVersion = 16.0;
						SystemCapabilities = {
							com.apple.ApplicationGroups.iOS = {
								enabled = 1;
							};
						};
					};
				};
			};
			buildConfigurationList = 000000000000000000000072 /* Build configuration list for PBXProject "FocusDay" */;
			compatibilityVersion = "Xcode 14.0";
			developmentRegion = en;
			hasScannedForEncodings = 0;
			knownRegions = (
				en,
				Base,
			);
			mainGroup = 000000000000000000000005;
			productRefGroup = 000000000000000000000006 /* Products */;
			projectDirPath = "";
			projectRoot = "";
			targets = (
				000000000000000000000003 /* FocusDay */,
				000000000000000000000004 /* FocusDayWidgetExtension */,
			);
		};
/* End PBXProject section */

/* Begin PBXResourcesBuildPhase section */
		00000000000000000000006D /* Resources */ = {
			isa = PBXResourcesBuildPhase;
			buildActionMask = 2147483647;
			files = (
				A10000000000000000000001 /* Assets.xcassets in Resources */,
			);
			runOnlyForDeploymentPostprocessing = 0;
		};
		000000000000000000000071 /* Resources */ = {
			isa = PBXResourcesBuildPhase;
			buildActionMask = 2147483647;
			files = (
			);
			runOnlyForDeploymentPostprocessing = 0;
		};
/* End PBXResourcesBuildPhase section */

/* Begin PBXSourcesBuildPhase section */
		00000000000000000000006C /* Sources */ = {
			isa = PBXSourcesBuildPhase;
			buildActionMask = 2147483647;
			files = (
				00000000000000000000000A /* FocusDayApp.swift in Sources */,
				00000000000000000000000C /* ContentView.swift in Sources */,
				00000000000000000000000E /* MainTabView.swift in Sources */,
				000000000000000000000010 /* ModelEnums.swift in Sources */,
				000000000000000000000012 /* TaskItem.swift in Sources */,
				000000000000000000000014 /* DailyState.swift in Sources */,
				000000000000000000000016 /* DailySummary.swift in Sources */,
				000000000000000000000018 /* TodayViewModel.swift in Sources */,
				00000000000000000000001A /* CreateTaskViewModel.swift in Sources */,
				00000000000000000000001C /* ProgressViewModel.swift in Sources */,
				00000000000000000000001E /* OnboardingViewModel.swift in Sources */,
				000000000000000000000020 /* SettingsViewModel.swift in Sources */,
				000000000000000000000022 /* AIPlanningServiceProtocol.swift in Sources */,
				000000000000000000000024 /* LocalizedStrings.swift in Sources */,
				000000000000000000000026 /* NotificationService.swift in Sources */,
				000000000000000000000028 /* AppTheme.swift in Sources */,
				00000000000000000000002A /* FocusDayWidgetStore.swift in Sources */,
				00000000000000000000002C /* PreviewData.swift in Sources */,
				00000000000000000000002E /* FocusDayCard.swift in Sources */,
				000000000000000000000030 /* PrimaryButton.swift in Sources */,
				000000000000000000000032 /* ChoiceChip.swift in Sources */,
				000000000000000000000034 /* SectionHeader.swift in Sources */,
				000000000000000000000036 /* ProgressLineView.swift in Sources */,
				000000000000000000000038 /* MetricCard.swift in Sources */,
				00000000000000000000003A /* MainTaskCard.swift in Sources */,
				00000000000000000000003C /* MoodEnergyControls.swift in Sources */,
				00000000000000000000003E /* TaskRowView.swift in Sources */,
				000000000000000000000040 /* OnboardingView.swift in Sources */,
				000000000000000000000042 /* TodayView.swift in Sources */,
				000000000000000000000044 /* CreateTaskView.swift in Sources */,
				000000000000000000000046 /* ProgressView.swift in Sources */,
				000000000000000000000048 /* EveningSummaryView.swift in Sources */,
				00000000000000000000004A /* SettingsView.swift in Sources */,
			);
			runOnlyForDeploymentPostprocessing = 0;
		};
		000000000000000000000070 /* Sources */ = {
			isa = PBXSourcesBuildPhase;
			buildActionMask = 2147483647;
			files = (
				00000000000000000000004C /* FocusDayWidget.swift in Sources */,
				00000000000000000000004E /* AppTheme.swift in Sources */,
				00000000000000000000004F /* FocusDayWidgetStore.swift in Sources */,
				000000000000000000000050 /* LocalizedStrings.swift in Sources */,
			);
			runOnlyForDeploymentPostprocessing = 0;
		};
/* End PBXSourcesBuildPhase section */

/* Begin PBXTargetDependency section */
		00000000000000000000006E /* PBXTargetDependency */ = {
			isa = PBXTargetDependency;
			target = 000000000000000000000004 /* FocusDayWidgetExtension */;
			targetProxy = 000000000000000000000054 /* PBXContainerItemProxy */;
		};
/* End PBXTargetDependency section */

/* Begin XCBuildConfiguration section */
		000000000000000000000073 /* Debug */ = {
			isa = XCBuildConfiguration;
			buildSettings = {
				ALWAYS_SEARCH_USER_PATHS = NO;
				CLANG_ANALYZER_NONNULL = YES;
				CLANG_ANALYZER_NUMBER_OBJECT_CONVERSION = YES_AGGRESSIVE;
				CLANG_CXX_LANGUAGE_STANDARD = "gnu++20";
				CLANG_ENABLE_MODULES = YES;
				CLANG_ENABLE_OBJC_ARC = YES;
				CLANG_ENABLE_OBJC_WEAK = YES;
				CLANG_WARN_BLOCK_CAPTURE_AUTORELEASING = YES;
				CLANG_WARN_BOOL_CONVERSION = YES;
				CLANG_WARN_COMMA = YES;
				CLANG_WARN_CONSTANT_CONVERSION = YES;
				CLANG_WARN_DEPRECATED_OBJC_IMPLEMENTATIONS = YES;
				CLANG_WARN_DIRECT_OBJC_ISA_USAGE = YES_ERROR;
				CLANG_WARN_DOCUMENTATION_COMMENTS = YES;
				CLANG_WARN_EMPTY_BODY = YES;
				CLANG_WARN_ENUM_CONVERSION = YES;
				CLANG_WARN_INFINITE_RECURSION = YES;
				CLANG_WARN_INT_CONVERSION = YES;
				CLANG_WARN_NON_LITERAL_NULL_CONVERSION = YES;
				CLANG_WARN_OBJC_IMPLICIT_RETAIN_SELF = YES;
				CLANG_WARN_OBJC_LITERAL_CONVERSION = YES;
				CLANG_WARN_OBJC_ROOT_CLASS = YES_ERROR;
				CLANG_WARN_QUOTED_INCLUDE_IN_FRAMEWORK_HEADER = YES;
				CLANG_WARN_RANGE_LOOP_ANALYSIS = YES;
				CLANG_WARN_STRICT_PROTOTYPES = YES;
				CLANG_WARN_SUSPICIOUS_MOVE = YES;
				CLANG_WARN_UNGUARDED_AVAILABILITY = YES_AGGRESSIVE;
				CLANG_WARN_UNREACHABLE_CODE = YES;
				CLANG_WARN__DUPLICATE_METHOD_MATCH = YES;
				COPY_PHASE_STRIP = NO;
				DEBUG_INFORMATION_FORMAT = dwarf;
				ENABLE_STRICT_OBJC_MSGSEND = YES;
				ENABLE_TESTABILITY = YES;
				ENABLE_USER_SCRIPT_SANDBOXING = YES;
				GCC_C_LANGUAGE_STANDARD = gnu17;
				GCC_DYNAMIC_NO_PIC = NO;
				GCC_NO_COMMON_BLOCKS = YES;
				GCC_OPTIMIZATION_LEVEL = 0;
				GCC_WARN_64_TO_32_BIT_CONVERSION = YES;
				GCC_WARN_ABOUT_RETURN_TYPE = YES_ERROR;
				GCC_WARN_UNDECLARED_SELECTOR = YES;
				GCC_WARN_UNINITIALIZED_AUTOS = YES_AGGRESSIVE;
				GCC_WARN_UNUSED_FUNCTION = YES;
				GCC_WARN_UNUSED_VARIABLE = YES;
				IPHONEOS_DEPLOYMENT_TARGET = 17.0;
				MTL_ENABLE_DEBUG_INFO = INCLUDE_SOURCE;
				ONLY_ACTIVE_ARCH = YES;
				SDKROOT = iphoneos;
				SWIFT_ACTIVE_COMPILATION_CONDITIONS = DEBUG;
				SWIFT_OPTIMIZATION_LEVEL = "-Onone";
				SWIFT_VERSION = 5.0;
			};
			name = Debug;
		};
		000000000000000000000074 /* Debug */ = {
			isa = XCBuildConfiguration;
			buildSettings = {
				CODE_SIGN_ENTITLEMENTS = FocusDay/FocusDay.entitlements;
				CODE_SIGN_STYLE = Automatic;
				CURRENT_PROJECT_VERSION = 1;
				DEVELOPMENT_TEAM = V75W9W7M54;
				GENERATE_INFOPLIST_FILE = NO;
				INFOPLIST_FILE = FocusDay/App/Info.plist;
				INFOPLIST_KEY_UIApplicationSceneManifest_Generation = YES;
				INFOPLIST_KEY_UIApplicationSupportsIndirectInputEvents = YES;
				LD_RUNPATH_SEARCH_PATHS = (
					"$(inherited)",
					"@executable_path/Frameworks",
				);
				MARKETING_VERSION = 1.0;
				PRODUCT_BUNDLE_IDENTIFIER = com.maximka.focusday.mvp;
				PRODUCT_NAME = "$(TARGET_NAME)";
				SUPPORTED_PLATFORMS = "iphoneos iphonesimulator";
				SUPPORTS_MACCATALYST = NO;
				SWIFT_EMIT_LOC_STRINGS = YES;
				TARGETED_DEVICE_FAMILY = "1,2";
			};
			name = Debug;
		};
		000000000000000000000075 /* Debug */ = {
			isa = XCBuildConfiguration;
			buildSettings = {
				CODE_SIGN_ENTITLEMENTS = FocusDayWidget/FocusDayWidgetExtension.entitlements;
				CODE_SIGN_STYLE = Automatic;
				CURRENT_PROJECT_VERSION = 1;
				DEVELOPMENT_TEAM = V75W9W7M54;
				GENERATE_INFOPLIST_FILE = NO;
				INFOPLIST_FILE = FocusDayWidget/Info.plist;
				LD_RUNPATH_SEARCH_PATHS = (
					"$(inherited)",
					"@executable_path/Frameworks",
					"@executable_path/../../Frameworks",
				);
				MARKETING_VERSION = 1.0;
				PRODUCT_BUNDLE_IDENTIFIER = com.maximka.focusday.mvp.widget;
				PRODUCT_NAME = "$(TARGET_NAME)";
				SKIP_INSTALL = YES;
				SWIFT_EMIT_LOC_STRINGS = YES;
				TARGETED_DEVICE_FAMILY = 1;
			};
			name = Debug;
		};
		000000000000000000000076 /* Release */ = {
			isa = XCBuildConfiguration;
			buildSettings = {
				ALWAYS_SEARCH_USER_PATHS = NO;
				CLANG_ANALYZER_NONNULL = YES;
				CLANG_ANALYZER_NUMBER_OBJECT_CONVERSION = YES_AGGRESSIVE;
				CLANG_CXX_LANGUAGE_STANDARD = "gnu++20";
				CLANG_ENABLE_MODULES = YES;
				CLANG_ENABLE_OBJC_ARC = YES;
				CLANG_ENABLE_OBJC_WEAK = YES;
				CLANG_WARN_BLOCK_CAPTURE_AUTORELEASING = YES;
				CLANG_WARN_BOOL_CONVERSION = YES;
				CLANG_WARN_COMMA = YES;
				CLANG_WARN_CONSTANT_CONVERSION = YES;
				CLANG_WARN_DEPRECATED_OBJC_IMPLEMENTATIONS = YES;
				CLANG_WARN_DIRECT_OBJC_ISA_USAGE = YES_ERROR;
				CLANG_WARN_DOCUMENTATION_COMMENTS = YES;
				CLANG_WARN_EMPTY_BODY = YES;
				CLANG_WARN_ENUM_CONVERSION = YES;
				CLANG_WARN_INFINITE_RECURSION = YES;
				CLANG_WARN_INT_CONVERSION = YES;
				CLANG_WARN_NON_LITERAL_NULL_CONVERSION = YES;
				CLANG_WARN_OBJC_IMPLICIT_RETAIN_SELF = YES;
				CLANG_WARN_OBJC_LITERAL_CONVERSION = YES;
				CLANG_WARN_OBJC_ROOT_CLASS = YES_ERROR;
				CLANG_WARN_QUOTED_INCLUDE_IN_FRAMEWORK_HEADER = YES;
				CLANG_WARN_RANGE_LOOP_ANALYSIS = YES;
				CLANG_WARN_STRICT_PROTOTYPES = YES;
				CLANG_WARN_SUSPICIOUS_MOVE = YES;
				CLANG_WARN_UNGUARDED_AVAILABILITY = YES_AGGRESSIVE;
				CLANG_WARN_UNREACHABLE_CODE = YES;
				CLANG_WARN__DUPLICATE_METHOD_MATCH = YES;
				COPY_PHASE_STRIP = NO;
				DEBUG_INFORMATION_FORMAT = "dwarf-with-dsym";
				ENABLE_NS_ASSERTIONS = NO;
				ENABLE_STRICT_OBJC_MSGSEND = YES;
				ENABLE_TESTABILITY = NO;
				ENABLE_USER_SCRIPT_SANDBOXING = YES;
				GCC_C_LANGUAGE_STANDARD = gnu17;
				GCC_NO_COMMON_BLOCKS = YES;
				GCC_WARN_64_TO_32_BIT_CONVERSION = YES;
				GCC_WARN_ABOUT_RETURN_TYPE = YES_ERROR;
				GCC_WARN_UNDECLARED_SELECTOR = YES;
				GCC_WARN_UNINITIALIZED_AUTOS = YES_AGGRESSIVE;
				GCC_WARN_UNUSED_FUNCTION = YES;
				GCC_WARN_UNUSED_VARIABLE = YES;
				IPHONEOS_DEPLOYMENT_TARGET = 17.0;
				MTL_ENABLE_DEBUG_INFO = NO;
				SDKROOT = iphoneos;
				SWIFT_COMPILATION_MODE = wholemodule;
				SWIFT_OPTIMIZATION_LEVEL = "-O";
				SWIFT_VERSION = 5.0;
				VALIDATE_PRODUCT = YES;
			};
			name = Release;
		};
		000000000000000000000077 /* Release */ = {
			isa = XCBuildConfiguration;
			buildSettings = {
				CODE_SIGN_ENTITLEMENTS = FocusDay/FocusDay.entitlements;
				CODE_SIGN_STYLE = Automatic;
				CURRENT_PROJECT_VERSION = 1;
				DEVELOPMENT_TEAM = V75W9W7M54;
				GENERATE_INFOPLIST_FILE = NO;
				INFOPLIST_FILE = FocusDay/App/Info.plist;
				INFOPLIST_KEY_UIApplicationSceneManifest_Generation = YES;
				INFOPLIST_KEY_UIApplicationSupportsIndirectInputEvents = YES;
				LD_RUNPATH_SEARCH_PATHS = (
					"$(inherited)",
					"@executable_path/Frameworks",
				);
				MARKETING_VERSION = 1.0;
				PRODUCT_BUNDLE_IDENTIFIER = com.maximka.focusday.mvp;
				PRODUCT_NAME = "$(TARGET_NAME)";
				SUPPORTED_PLATFORMS = "iphoneos iphonesimulator";
				SUPPORTS_MACCATALYST = NO;
				SWIFT_EMIT_LOC_STRINGS = YES;
				TARGETED_DEVICE_FAMILY = "1,2";
			};
			name = Release;
		};
		000000000000000000000078 /* Release */ = {
			isa = XCBuildConfiguration;
			buildSettings = {
				CODE_SIGN_ENTITLEMENTS = FocusDayWidget/FocusDayWidgetExtension.entitlements;
				CODE_SIGN_STYLE = Automatic;
				CURRENT_PROJECT_VERSION = 1;
				DEVELOPMENT_TEAM = V75W9W7M54;
				GENERATE_INFOPLIST_FILE = NO;
				INFOPLIST_FILE = FocusDayWidget/Info.plist;
				LD_RUNPATH_SEARCH_PATHS = (
					"$(inherited)",
					"@executable_path/Frameworks",
					"@executable_path/../../Frameworks",
				);
				MARKETING_VERSION = 1.0;
				PRODUCT_BUNDLE_IDENTIFIER = com.maximka.focusday.mvp.widget;
				PRODUCT_NAME = "$(TARGET_NAME)";
				SKIP_INSTALL = YES;
				SWIFT_EMIT_LOC_STRINGS = YES;
				TARGETED_DEVICE_FAMILY = 1;
			};
			name = Release;
		};
/* End XCBuildConfiguration section */

/* Begin XCConfigurationList section */
		00000000000000000000006B /* Build configuration list for PBXNativeTarget "FocusDay" */ = {
			isa = XCConfigurationList;
			buildConfigurations = (
				000000000000000000000074 /* Debug */,
				000000000000000000000077 /* Release */,
			);
			defaultConfigurationIsVisible = 0;
			defaultConfigurationName = Release;
		};
		00000000000000000000006F /* Build configuration list for PBXNativeTarget "FocusDayWidgetExtension" */ = {
			isa = XCConfigurationList;
			buildConfigurations = (
				000000000000000000000075 /* Debug */,
				000000000000000000000078 /* Release */,
			);
			defaultConfigurationIsVisible = 0;
			defaultConfigurationName = Release;
		};
		000000000000000000000072 /* Build configuration list for PBXProject "FocusDay" */ = {
			isa = XCConfigurationList;
			buildConfigurations = (
				000000000000000000000073 /* Debug */,
				000000000000000000000076 /* Release */,
			);
			defaultConfigurationIsVisible = 0;
			defaultConfigurationName = Release;
		};
/* End XCConfigurationList section */
	};
	rootObject = 000000000000000000000009 /* Project object */;
}
